
Microsoft Visual Studio Solution File, Format Version 12.00
# Visual Studio Version 17
VisualStudioVersion = 17.5.002.0
MinimumVisualStudioVersion = 10.0.40219.1
Project("{9A19103F-16F7-4668-BE54-9A1E7A4F7556}") = "ApiJobs", "ApiJobs.csproj", "{D24B927F-33B1-422F-930A-17E15907F910}"
EndProject
Global
	GlobalSection(SolutionConfigurationPlatforms) = preSolution
		Debug|Any CPU = Debug|Any CPU
		Release|Any CPU = Release|Any CPU
	EndGlobalSection
	GlobalSection(ProjectConfigurationPlatforms) = postSolution
		{D24B927F-33B1-422F-930A-17E15907F910}.Debug|Any CPU.ActiveCfg = Debug|Any CPU
		{D24B927F-33B1-422F-930A-17E15907F910}.Debug|Any CPU.Build.0 = Debug|Any CPU
		{D24B927F-33B1-422F-930A-17E15907F910}.Release|Any CPU.ActiveCfg = Release|Any CPU
		{D24B927F-33B1-422F-930A-17E15907F910}.Release|Any CPU.Build.0 = Release|Any CPU
	EndGlobalSection
	GlobalSection(SolutionProperties) = preSolution
		HideSolutionNode = FALSE
	EndGlobalSection
	GlobalSection(ExtensibilityGlobals) = postSolution
		SolutionGuid = {71B8A297-1B8B-4050-9493-68FF39F920D7}
	EndGlobalSection
EndGlobal
